
Microsoft Visual Studio Solution File, Format Version 12.00
# Visual Studio 15
VisualStudioVersion = 15.0.28306.52
MinimumVisualStudioVersion = 10.0.40219.1
Project("{FAE04EC0-301F-11D3-BF4B-00C04F79EFBC}") = "magazin", "magazin\magazin.csproj", "{8ABDAA8C-629E-4B03-B70B-4E793C0056DB}"
EndProject
Global
	GlobalSection(SolutionConfigurationPlatforms) = preSolution
		Debug|Any CPU = Debug|Any CPU
		Release|Any CPU = Release|Any CPU
	EndGlobalSection
	GlobalSection(ProjectConfigurationPlatforms) = postSolution
		{8ABDAA8C-629E-4B03-B70B-4E793C0056DB}.Debug|Any CPU.ActiveCfg = Debug|Any CPU
		{8ABDAA8C-629E-4B03-B70B-4E793C0056DB}.Debug|Any CPU.Build.0 = Debug|Any CPU
		{8ABDAA8C-629E-4B03-B70B-4E793C0056DB}.Release|Any CPU.ActiveCfg = Release|Any CPU
		{8ABDAA8C-629E-4B03-B70B-4E793C0056DB}.Release|Any CPU.Build.0 = Release|Any CPU
	EndGlobalSection
	GlobalSection(SolutionProperties) = preSolution
		HideSolutionNode = FALSE
	EndGlobalSection
	GlobalSection(ExtensibilityGlobals) = postSolution
		SolutionGuid = {FBAFA480-1E7E-43AA-ADC0-DB633DEAC57F}
	EndGlobalSection
EndGlobal
